
Microsoft Visual Studio Solution File, Format Version 12.00
# Visual Studio Version 17
VisualStudioVersion = 17.5.33502.453
MinimumVisualStudioVersion = 10.0.40219.1
Project("{8BC9CEB8-8B4A-11D0-8D11-00A0C91BC942}") = "multipewarisan", "multipewarisan\multipewarisan.vcxproj", "{01CD593D-2E64-4232-AB28-A9709B0AC751}"
EndProject
Project("{8BC9CEB8-8B4A-11D0-8D11-00A0C91BC942}") = "problemultiwaris", "problemultiwaris\problemultiwaris.vcxproj", "{A9836929-B9CE-4624-8E40-6C20DA1BE57F}"
EndProject
Project("{8BC9CEB8-8B4A-11D0-8D11-00A0C91BC942}") = "solvemultiwaris", "solvemultiwaris\solvemultiwaris.vcxproj", "{EB09B14F-E761-478B-814E-E88FB88A6345}"
EndProject
Project("{8BC9CEB8-8B4A-11D0-8D11-00A0C91BC942}") = "polimortphy", "polimortphy\polimortphy.vcxproj", "{67B5449C-F3BE-435F-8BFB-2A8795E71967}"
EndProject
Project("{8BC9CEB8-8B4A-11D0-8D11-00A0C91BC942}") = "program no Overriding", "program no Overriding\program no Overriding.vcxproj", "{302ACDAE-C517-45AF-BB98-A6DACBFBECAE}"
EndProject
Project("{8BC9CEB8-8B4A-11D0-8D11-00A0C91BC942}") = "enkapsulasi", "enkapsulasi\enkapsulasi.vcxproj", "{F9629C64-9687-4FE7-91EE-4EB6B60A9E20}"
EndProject
Global
	GlobalSection(SolutionConfigurationPlatforms) = preSolution
		Debug|x64 = Debug|x64
		Debug|x86 = Debug|x86
		Release|x64 = Release|x64
		Release|x86 = Release|x86
	EndGlobalSection
	GlobalSection(ProjectConfigurationPlatforms) = postSolution
		{01CD593D-2E64-4232-AB28-A9709B0AC751}.Debug|x64.ActiveCfg = Debug|x64
		{01CD593D-2E64-4232-AB28-A9709B0AC751}.Debug|x64.Build.0 = Debug|x64
		{01CD593D-2E64-4232-AB28-A9709B0AC751}.Debug|x86.ActiveCfg = Debug|Win32
		{01CD593D-2E64-4232-AB28-A9709B0AC751}.Debug|x86.Build.0 = Debug|Win32
		{01CD593D-2E64-4232-AB28-A9709B0AC751}.Release|x64.ActiveCfg = Release|x64
		{01CD593D-2E64-4232-AB28-A9709B0AC751}.Release|x64.Build.0 = Release|x64
		{01CD593D-2E64-4232-AB28-A9709B0AC751}.Release|x86.ActiveCfg = Release|Win32
		{01CD593D-2E64-4232-AB28-A9709B0AC751}.Release|x86.Build.0 = Release|Win32
		{A9836929-B9CE-4624-8E40-6C20DA1BE57F}.Debug|x64.ActiveCfg = Debug|x64
		{A9836929-B9CE-4624-8E40-6C20DA1BE57F}.Debug|x64.Build.0 = Debug|x64
		{A9836929-B9CE-4624-8E40-6C20DA1BE57F}.Debug|x86.ActiveCfg = Debug|Win32
		{A9836929-B9CE-4624-8E40-6C20DA1BE57F}.Debug|x86.Build.0 = Debug|Win32
		{A9836929-B9CE-4624-8E40-6C20DA1BE57F}.Release|x64.ActiveCfg = Release|x64
		{A9836929-B9CE-4624-8E40-6C20DA1BE57F}.Release|x64.Build.0 = Release|x64
		{A9836929-B9CE-4624-8E40-6C20DA1BE57F}.Release|x86.ActiveCfg = Release|Win32
		{A9836929-B9CE-4624-8E40-6C20DA1BE57F}.Release|x86.Build.0 = Release|Win32
		{EB09B14F-E761-478B-814E-E88FB88A6345}.Debug|x64.ActiveCfg = Debug|x64
		{EB09B14F-E761-478B-814E-E88FB88A6345}.Debug|x64.Build.0 = Debug|x64
		{EB09B14F-E761-478B-814E-E88FB88A6345}.Debug|x86.ActiveCfg = Debug|Win32
		{EB09B14F-E761-478B-814E-E88FB88A6345}.Debug|x86.Build.0 = Debug|Win32
		{EB09B14F-E761-478B-814E-E88FB88A6345}.Release|x64.ActiveCfg = Release|x64
		{EB09B14F-E761-478B-814E-E88FB88A6345}.Release|x64.Build.0 = Release|x64
		{EB09B14F-E761-478B-814E-E88FB88A6345}.Release|x86.ActiveCfg = Release|Win32
		{EB09B14F-E761-478B-814E-E88FB88A6345}.Release|x86.Build.0 = Release|Win32
		{67B5449C-F3BE-435F-8BFB-2A8795E71967}.Debug|x64.ActiveCfg = Debug|x64
		{67B5449C-F3BE-435F-8BFB-2A8795E71967}.Debug|x64.Build.0 = Debug|x64
		{67B5449C-F3BE-435F-8BFB-2A8795E71967}.Debug|x86.ActiveCfg = Debug|Win32
		{67B5449C-F3BE-435F-8BFB-2A8795E71967}.Debug|x86.Build.0 = Debug|Win32
		{67B5449C-F3BE-435F-8BFB-2A8795E71967}.Release|x64.ActiveCfg = Release|x64
		{67B5449C-F3BE-435F-8BFB-2A8795E71967}.Release|x64.Build.0 = Release|x64
		{67B5449C-F3BE-435F-8BFB-2A8795E71967}.Release|x86.ActiveCfg = Release|Win32
		{67B5449C-F3BE-435F-8BFB-2A8795E71967}.Release|x86.Build.0 = Release|Win32
		{302ACDAE-C517-45AF-BB98-A6DACBFBECAE}.Debug|x64.ActiveCfg = Debug|x64
		{302ACDAE-C517-45AF-BB98-A6DACBFBECAE}.Debug|x64.Build.0 = Debug|x64
		{302ACDAE-C517-45AF-BB98-A6DACBFBECAE}.Debug|x86.ActiveCfg = Debug|Win32
		{302ACDAE-C517-45AF-BB98-A6DACBFBECAE}.Debug|x86.Build.0 = Debug|Win32
		{302ACDAE-C517-45AF-BB98-A6DACBFBECAE}.Release|x64.ActiveCfg = Release|x64
		{302ACDAE-C517-45AF-BB98-A6DACBFBECAE}.Release|x64.Build.0 = Release|x64
		{302ACDAE-C517-45AF-BB98-A6DACBFBECAE}.Release|x86.ActiveCfg = Release|Win32
		{302ACDAE-C517-45AF-BB98-A6DACBFBECAE}.Release|x86.Build.0 = Release|Win32
		{F9629C64-9687-4FE7-91EE-4EB6B60A9E20}.Debug|x64.ActiveCfg = Debug|x64
		{F9629C64-9687-4FE7-91EE-4EB6B60A9E20}.Debug|x64.Build.0 = Debug|x64
		{F9629C64-9687-4FE7-91EE-4EB6B60A9E20}.Debug|x86.ActiveCfg = Debug|Win32
		{F9629C64-9687-4FE7-91EE-4EB6B60A9E20}.Debug|x86.Build.0 = Debug|Win32
		{F9629C64-9687-4FE7-91EE-4EB6B60A9E20}.Release|x64.ActiveCfg = Release|x64
		{F9629C64-9687-4FE7-91EE-4EB6B60A9E20}.Release|x64.Build.0 = Release|x64
		{F9629C64-9687-4FE7-91EE-4EB6B60A9E20}.Release|x86.ActiveCfg = Release|Win32
		{F9629C64-9687-4FE7-91EE-4EB6B60A9E20}.Release|x86.Build.0 = Release|Win32
	EndGlobalSection
	GlobalSection(SolutionProperties) = preSolution
		HideSolutionNode = FALSE
	EndGlobalSection
	GlobalSection(ExtensibilityGlobals) = postSolution
		SolutionGuid = {76CDDB81-4322-4956-A9B2-F9BCE18638A8}
	EndGlobalSection
EndGlobal
